GEM
  remote: https://rubygems.org/
  specs:
    addressable (2.9.0)
      public_suffix (>= 2.0.2, < 8.0)
    base64 (0.3.0)
    bcrypt (3.1.22)
    bigdecimal (4.1.2)
    crack (1.0.1)
      bigdecimal
      rexml
    csv (3.3.6)
    diff-lcs (1.6.2)
    digest (3.2.1)
    domain_name (0.6.20260829)
    ffi (1.17.4-x64-mingw-ucrt)
    ffi-win32-extensions (1.0.4)
      ffi
    hashdiff (1.2.1)
    http-accept (1.7.0)
    http-cookie (1.1.6)
      domain_name (~> 0.5)
    httparty (0.24.2)
      csv
      mini_mime (>= 1.0.0)
      multi_xml (>= 0.5.2)
    ipaddress (0.8.3)
    json (2.21.2)
    logger (1.7.0)
    mime-types (3.7.0)
      logger
      mime-types-data (~> 3.2025, >= 3.2025.0507)
    mime-types-data (3.2026.0701)
    mini_mime (1.1.5)
    multi_xml (0.9.1)
      bigdecimal (>= 3.1, < 5)
    net-dns (0.20.0)
    net-ping (2.1.1-universal-mingw-ucrt)
      win32-security (>= 0.2.0)
      win32ole (>= 1.8.8)
    netaddr (2.0.6)
    netrc (0.11.0)
    nmap-parser (0.3.5)
    public_suffix (7.0.5)
    rake (13.4.2)
    rest-client (2.1.0)
      http-accept (>= 1.7.0, < 2.0)
      http-cookie (>= 1.0.2, < 2.0)
      mime-types (>= 1.16, < 4.0)
      netrc (~> 0.8)
    rexml (3.4.4)
    rspec (3.13.2)
      rspec-core (~> 3.13.0)
      rspec-expectations (~> 3.13.0)
      rspec-mocks (~> 3.13.0)
    rspec-core (3.13.6)
      rspec-support (~> 3.13.0)
    rspec-expectations (3.13.5)
      diff-lcs (>= 1.2.0, < 2.0)
      rspec-support (~> 3.13.0)
    rspec-mocks (3.13.8)
      diff-lcs (>= 1.2.0, < 2.0)
      rspec-support (~> 3.13.0)
    rspec-support (3.13.7)
    sys-cpu (0.9.0)
      ffi
    sys-proctable (1.3.0)
      ffi (~> 1.1)
    sys-uptime (0.8.0-universal-mingw32)
    webmock (3.26.4)
      addressable (>= 2.8.0)
      crack (>= 0.3.2)
      hashdiff (>= 0.4.0, < 2.0.0)
    win32-security (0.5.0)
      ffi
      ffi-win32-extensions
    win32ole (1.9.3)
    yaml (0.4.0)

PLATFORMS
  x64-mingw-ucrt

DEPENDENCIES
  base64 (~> 0.2)
  bcrypt (~> 3.1)
  digest (~> 3.1)
  httparty (~> 0.21)
  ipaddress (~> 0.8)
  json (~> 2.6)
  net-dns (~> 0.15)
  net-ping (~> 2.0)
  netaddr (~> 2.0)
  nmap-parser (~> 0.3)
  rake (~> 13.0)
  rest-client (~> 2.1)
  rspec (~> 3.12)
  sys-cpu (~> 0.8)
  sys-proctable (~> 1.3)
  sys-uptime (~> 0.7)
  webmock (~> 3.18)
  yaml (~> 0.2)

CHECKSUMS
  addressable (2.9.0) sha256=7fdf6ac3660f7f4e867a0838be3f6cf722ace541dd97767fa42bc6cfa980c7af
  base64 (0.3.0) sha256=27337aeabad6ffae05c265c450490628ef3ebd4b67be58257393227588f5a97b
  bcrypt (3.1.22) sha256=1f0072e88c2d705d94aff7f2c5cb02eb3f1ec4b8368671e19112527489f29032
  bigdecimal (4.1.2) sha256=53d217666027eab4280346fba98e7d5b66baaae1b9c3c1c0ffe89d48188a3fbd
  bundler (4.0.18) sha256=02d9a17429de1847b4e0c9f27a9ee4b20c0a74c0a641b4e77195d6019e3618ac
  crack (1.0.1) sha256=ff4a10390cd31d66440b7524eb1841874db86201d5b70032028553130b6d4c7e
  csv (3.3.6) sha256=aba61e7e507a66f03d45cb1f3c4b6359861c3504038b422962875dce099e4456
  diff-lcs (1.6.2) sha256=9ae0d2cba7d4df3075fe8cd8602a8604993efc0dfa934cff568969efb1909962
  digest (3.2.1) sha256=ab3312b4e272d7d5dc41c564c86a25861a1f34ac5153374199a0b74861395947
  domain_name (0.6.20260829) sha256=a9c1aa678423b9db3a4193b300fd76b9c21cb2a5f60d7dcf0a832b82d13764f0
  ffi (1.17.4-x64-mingw-ucrt) sha256=f6ff9618cfccc494138bddade27aa06c74c6c7bc367a1ea1103d80c2fcb9ed35
  ffi-win32-extensions (1.0.4) sha256=9d01a511a7ea957d8f73a06892f3ccfa49dcb32be95c4edb86b5ba3103edea00
  hashdiff (1.2.1) sha256=9c079dbc513dfc8833ab59c0c2d8f230fa28499cc5efb4b8dd276cf931457cd1
  http-accept (1.7.0) sha256=c626860682bfbb3b46462f8c39cd470fd7b0584f61b3cc9df5b2e9eb9972a126
  http-cookie (1.1.6) sha256=ba4b82be64de61dc281243dac70e3c382c45142f20268ed9276a3670c93feaa9
  httparty (0.24.2) sha256=8fca6a54aa0c4aa4303a0fd33e5e2156175d6a5334f714263b458abd7fda9c38
  ipaddress (0.8.3) sha256=85640c4f9194c26937afc8c78e3074a8e7c97d5d1210358d1440f01034d006f5
  json (2.21.2) sha256=1f1d3b7cf2b3ba1a69beca0bb6db13d5438b80bff3cd54cdaaa620b9b07c1c6a
  logger (1.7.0) sha256=196edec7cc44b66cfb40f9755ce11b392f21f7967696af15d274dde7edff0203
  mime-types (3.7.0) sha256=dcebf61c246f08e15a4de34e386ebe8233791e868564a470c3fe77c00eed5e56
  mime-types-data (3.2026.0701) sha256=cd8811e1fb89d836499ba0582368a10ee74cef929ba956d1d5ddca045e6a730f
  mini_mime (1.1.5) sha256=8681b7e2e4215f2a159f9400b5816d85e9d8c6c6b491e96a12797e798f8bccef
  multi_xml (0.9.1) sha256=7ce766b59c17241ed62976caeae1fae9b2431b263398c35396239a68c4a64e57
  net-dns (0.20.0) sha256=9340a20ae6641690b41dc4df97050e9f4216dc61201fa76cc9ddb6aaf82fa4cf
  net-ping (2.1.1-universal-mingw-ucrt) sha256=583eae72a13e5b022d39336eb96df0de672f4980eebc2a0cad68f4e4c78de2c2
  netaddr (2.0.6) sha256=e7c3970ec2c2665aa25c4cbf268011d01f5d98c33182e600759a49961e63f1b4
  netrc (0.11.0) sha256=de1ce33da8c99ab1d97871726cba75151113f117146becbe45aa85cb3dabee3f
  nmap-parser (0.3.5) sha256=97723e9f150cd6bd887e87b00b3221b8a297727a63fa15dee1e3978ebc03afbd
  public_suffix (7.0.5) sha256=1a8bb08f1bbea19228d3bed6e5ed908d1cb4f7c2726d18bd9cadf60bc676f623
  rake (13.4.2) sha256=cb825b2bd5f1f8e91ca37bddb4b9aaf345551b4731da62949be002fa89283701
  rest-client (2.1.0) sha256=35a6400bdb14fae28596618e312776c158f7ebbb0ccad752ff4fa142bf2747e3
  rexml (3.4.4) sha256=19e0a2c3425dfbf2d4fc1189747bdb2f849b6c5e74180401b15734bc97b5d142
  rspec (3.13.2) sha256=206284a08ad798e61f86d7ca3e376718d52c0bc944626b2349266f239f820587
  rspec-core (3.13.6) sha256=a8823c6411667b60a8bca135364351dda34cd55e44ff94c4be4633b37d828b2d
  rspec-expectations (3.13.5) sha256=33a4d3a1d95060aea4c94e9f237030a8f9eae5615e9bd85718fe3a09e4b58836
  rspec-mocks (3.13.8) sha256=086ad3d3d17533f4237643de0b5c42f04b66348c28bf6b9c2d3f4a3b01af1d47
  rspec-support (3.13.7) sha256=0640e5570872aafefd79867901deeeeb40b0c9875a36b983d85f54fb7381c47c
  sys-cpu (0.9.0) sha256=047df96bf7b581b164c7881a65891bdcacfc86545c18fccc11574f2b34aa502a
  sys-proctable (1.3.0) sha256=31f61ad79aa0d4412155132beadf2b7ca706a6badce4ad2dfeda5d1ca4916e54
  sys-uptime (0.8.0-universal-mingw32) sha256=b16c382776b72890767a2297b332b264fd063d20258e0ebcab595b4baeee04a8
  webmock (3.26.4) sha256=8d8da206d217ebe6968cfb09c77f4533c23074e1432bad865f3994eacbaad50d
  win32-security (0.5.0) sha256=1267361ce35f7db9bfd4a7915ccba49c299f99dbaa4e71cb12de85330e4b37c5
  win32ole (1.9.3) sha256=01f43dc5dc13806e6e58204f538b4a28f3d85968ea89074abc9a3cd118e94d96
  yaml (0.4.0) sha256=240e69d1e6ce3584d6085978719a0faa6218ae426e034d8f9b02fb54d3471942

BUNDLED WITH
  4.0.18
